
Microsoft Visual Studio Solution File, Format Version 12.00
# Visual Studio Version 16
VisualStudioVersion = 16.0.31005.135
MinimumVisualStudioVersion = 10.0.40219.1
Project("{FAE04EC0-301F-11D3-BF4B-00C04F79EFBC}") = "SeleniumTests", "SeleniumTests\SeleniumTests.csproj", "{93D773B1-3CB9-4E72-B63D-79F16B1C68BB}"
EndProject
Global
	GlobalSection(SolutionConfigurationPlatforms) = preSolution
		Debug|Any CPU = Debug|Any CPU
		Release|Any CPU = Release|Any CPU
	EndGlobalSection
	GlobalSection(ProjectConfigurationPlatforms) = postSolution
		{93D773B1-3CB9-4E72-B63D-79F16B1C68BB}.Debug|Any CPU.ActiveCfg = Debug|Any CPU
		{93D773B1-3CB9-4E72-B63D-79F16B1C68BB}.Debug|Any CPU.Build.0 = Debug|Any CPU
		{93D773B1-3CB9-4E72-B63D-79F16B1C68BB}.Release|Any CPU.ActiveCfg = Release|Any CPU
		{93D773B1-3CB9-4E72-B63D-79F16B1C68BB}.Release|Any CPU.Build.0 = Release|Any CPU
	EndGlobalSection
	GlobalSection(SolutionProperties) = preSolution
		HideSolutionNode = FALSE
	EndGlobalSection
	GlobalSection(ExtensibilityGlobals) = postSolution
		SolutionGuid = {3062670E-9983-4491-8051-915CE614DE52}
	EndGlobalSection
EndGlobal
