
Microsoft Visual Studio Solution File, Format Version 12.00
# Visual Studio Version 16
VisualStudioVersion = 16.0.31005.135
MinimumVisualStudioVersion = 10.0.40219.1
Project("{9A19103F-16F7-4668-BE54-9A1E7A4F7556}") = "SeleniumProject", "SeleniumProject\SeleniumProject.csproj", "{7D1982C8-A3F6-46FB-8017-42941DAE8982}"
EndProject
Project("{FAE04EC0-301F-11D3-BF4B-00C04F79EFBC}") = "UnitTestProject1", "UnitTestProject1\UnitTestProject1.csproj", "{73F11AE0-FCB0-4B7E-8A17-DE381F6C7ADF}"
EndProject
Global
	GlobalSection(SolutionConfigurationPlatforms) = preSolution
		Debug|Any CPU = Debug|Any CPU
		Release|Any CPU = Release|Any CPU
	EndGlobalSection
	GlobalSection(ProjectConfigurationPlatforms) = postSolution
		{7D1982C8-A3F6-46FB-8017-42941DAE8982}.Debug|Any CPU.ActiveCfg = Debug|Any CPU
		{7D1982C8-A3F6-46FB-8017-42941DAE8982}.Debug|Any CPU.Build.0 = Debug|Any CPU
		{7D1982C8-A3F6-46FB-8017-42941DAE8982}.Release|Any CPU.ActiveCfg = Release|Any CPU
		{7D1982C8-A3F6-46FB-8017-42941DAE8982}.Release|Any CPU.Build.0 = Release|Any CPU
		{73F11AE0-FCB0-4B7E-8A17-DE381F6C7ADF}.Debug|Any CPU.ActiveCfg = Debug|Any CPU
		{73F11AE0-FCB0-4B7E-8A17-DE381F6C7ADF}.Debug|Any CPU.Build.0 = Debug|Any CPU
		{73F11AE0-FCB0-4B7E-8A17-DE381F6C7ADF}.Release|Any CPU.ActiveCfg = Release|Any CPU
		{73F11AE0-FCB0-4B7E-8A17-DE381F6C7ADF}.Release|Any CPU.Build.0 = Release|Any CPU
	EndGlobalSection
	GlobalSection(SolutionProperties) = preSolution
		HideSolutionNode = FALSE
	EndGlobalSection
	GlobalSection(ExtensibilityGlobals) = postSolution
		SolutionGuid = {614B81FD-F7F6-4857-8A2E-A82B3F8F615A}
	EndGlobalSection
EndGlobal
